// !$*UTF8*$!
{
	archiveVersion = 1;
	classes = {
	};
	objectVersion = 56;
	objects = {

/* Begin PBXBuildFile section */
		FC4023282B667AEA00E7973F /* PreviewUtilities.swift in Sources */ = {isa = PBXBuildFile; fileRef = FC4023272B667AEA00E7973F /* PreviewUtilities.swift */; };
		FC40232C2B668AF800E7973F /* HabitSettingsView.swift in Sources */ = {isa = PBXBuildFile; fileRef = FC40232B2B668AF800E7973F /* HabitSettingsView.swift */; };
		FC4922EB2B65C350001DADFA /* ContentView.swift in Sources */ = {isa = PBXBuildFile; fileRef = FC4922EA2B65C350001DADFA /* ContentView.swift */; };
		FC4922ED2B65C352001DADFA /* Assets.xcassets in Resources */ = {isa = PBXBuildFile; fileRef = FC4922EC2B65C352001DADFA /* Assets.xcassets */; };
		FC4922F02B65C352001DADFA /* Preview Assets.xcassets in Resources */ = {isa = PBXBuildFile; fileRef = FC4922EF2B65C352001DADFA /* Preview Assets.xcassets */; };
		FC4922F82B65C3B1001DADFA /* AppDelegate.swift in Sources */ = {isa = PBXBuildFile; fileRef = FC4922F72B65C3B1001DADFA /* AppDelegate.swift */; };
		FC4922FA2B65C3B8001DADFA /* SceneDelegate.swift in Sources */ = {isa = PBXBuildFile; fileRef = FC4922F92B65C3B8001DADFA /* SceneDelegate.swift */; };
		FC4922FD2B65C52D001DADFA /* Habit.swift in Sources */ = {isa = PBXBuildFile; fileRef = FC4922FC2B65C52D001DADFA /* Habit.swift */; };
		FC4922FF2B65C538001DADFA /* GeofencedHabit.swift in Sources */ = {isa = PBXBuildFile; fileRef = FC4922FE2B65C538001DADFA /* GeofencedHabit.swift */; };
		FC4923012B65C645001DADFA /* HabitHistoryEntry.swift in Sources */ = {isa = PBXBuildFile; fileRef = FC4923002B65C645001DADFA /* HabitHistoryEntry.swift */; };
		FC4923042B65C79B001DADFA /* GeofenceRegion.swift in Sources */ = {isa = PBXBuildFile; fileRef = FC4923032B65C79B001DADFA /* GeofenceRegion.swift */; };
		FC4923092B65C842001DADFA /* AddHabitView.swift in Sources */ = {isa = PBXBuildFile; fileRef = FC4923082B65C842001DADFA /* AddHabitView.swift */; };
		FC49230B2B65D03A001DADFA /* IconButtonView.swift in Sources */ = {isa = PBXBuildFile; fileRef = FC49230A2B65D03A001DADFA /* IconButtonView.swift */; };
		FC49230D2B65D68B001DADFA /* Theme.swift in Sources */ = {isa = PBXBuildFile; fileRef = FC49230C2B65D68B001DADFA /* Theme.swift */; };
		FC49230F2B662819001DADFA /* AnalyticsView.swift in Sources */ = {isa = PBXBuildFile; fileRef = FC49230E2B662819001DADFA /* AnalyticsView.swift */; };
		FC4923112B66285E001DADFA /* HomeView.swift in Sources */ = {isa = PBXBuildFile; fileRef = FC4923102B66285E001DADFA /* HomeView.swift */; };
		FC4923142B662DDE001DADFA /* HabitViewModel.swift in Sources */ = {isa = PBXBuildFile; fileRef = FC4923132B662DDE001DADFA /* HabitViewModel.swift */; };
		FC4923182B662F17001DADFA /* HabitListItemView.swift in Sources */ = {isa = PBXBuildFile; fileRef = FC4923172B662F17001DADFA /* HabitListItemView.swift */; };
		FC49231A2B6633BA001DADFA /* CountHabit.swift in Sources */ = {isa = PBXBuildFile; fileRef = FC4923192B6633B9001DADFA /* CountHabit.swift */; };
		FC4923222B6658EE001DADFA /* DataAccess.swift in Sources */ = {isa = PBXBuildFile; fileRef = FC4923212B6658EE001DADFA /* DataAccess.swift */; };
		FC4923242B665910001DADFA /* MapKitDataAccess.swift in Sources */ = {isa = PBXBuildFile; fileRef = FC4923232B665910001DADFA /* MapKitDataAccess.swift */; };
		FC4923262B665925001DADFA /* SearchLocationService.swift in Sources */ = {isa = PBXBuildFile; fileRef = FC4923252B665925001DADFA /* SearchLocationService.swift */; };
		FC4923282B665935001DADFA /* SearchLocationServiceFactory.swift in Sources */ = {isa = PBXBuildFile; fileRef = FC4923272B665935001DADFA /* SearchLocationServiceFactory.swift */; };
		FC49232A2B66594B001DADFA /* SearchSheet.swift in Sources */ = {isa = PBXBuildFile; fileRef = FC4923292B66594B001DADFA /* SearchSheet.swift */; };
		FC49232C2B66597C001DADFA /* SearchableMap.swift in Sources */ = {isa = PBXBuildFile; fileRef = FC49232B2B66597C001DADFA /* SearchableMap.swift */; };
		FC49232E2B66598B001DADFA /* SearchableMapViewModel.swift in Sources */ = {isa = PBXBuildFile; fileRef = FC49232D2B66598B001DADFA /* SearchableMapViewModel.swift */; };
/* End PBXBuildFile section */

/* Begin PBXFileReference section */
		FC4023272B667AEA00E7973F /* PreviewUtilities.swift */ = {isa = PBXFileReference; lastKnownFileType = sourcecode.swift; path = PreviewUtilities.swift; sourceTree = "<group>"; };
		FC40232B2B668AF800E7973F /* HabitSettingsView.swift */ = {isa = PBXFileReference; lastKnownFileType = sourcecode.swift; path = HabitSettingsView.swift; sourceTree = "<group>"; };
		FC4922E52B65C350001DADFA /* Habit.app */ = {isa = PBXFileReference; explicitFileType = wrapper.application; includeInIndex = 0; path = Habit.app; sourceTree = BUILT_PRODUCTS_DIR; };
		FC4922EA2B65C350001DADFA /* ContentView.swift */ = {isa = PBXFileReference; lastKnownFileType = sourcecode.swift; path = ContentView.swift; sourceTree = "<group>"; };
		FC4922EC2B65C352001DADFA /* Assets.xcassets */ = {isa = PBXFileReference; lastKnownFileType = folder.assetcatalog; path = Assets.xcassets; sourceTree = "<group>"; };
		FC4922EF2B65C352001DADFA /* Preview Assets.xcassets */ = {isa = PBXFileReference; lastKnownFileType = folder.assetcatalog; path = "Preview Assets.xcassets"; sourceTree = "<group>"; };
		FC4922F62B65C39D001DADFA /* Info.plist */ = {isa = PBXFileReference; lastKnownFileType = text.plist; path = Info.plist; sourceTree = "<group>"; };
		FC4922F72B65C3B1001DADFA /* AppDelegate.swift */ = {isa = PBXFileReference; lastKnownFileType = sourcecode.swift; path = AppDelegate.swift; sourceTree = "<group>"; };
		FC4922F92B65C3B8001DADFA /* SceneDelegate.swift */ = {isa = PBXFileReference; lastKnownFileType = sourcecode.swift; path = SceneDelegate.swift; sourceTree = "<group>"; };
		FC4922FC2B65C52D001DADFA /* Habit.swift */ = {isa = PBXFileReference; lastKnownFileType = sourcecode.swift; path = Habit.swift; sourceTree = "<group>"; };
		FC4922FE2B65C538001DADFA /* GeofencedHabit.swift */ = {isa = PBXFileReference; lastKnownFileType = sourcecode.swift; path = GeofencedHabit.swift; sourceTree = "<group>"; };
		FC4923002B65C645001DADFA /* HabitHistoryEntry.swift */ = {isa = PBXFileReference; lastKnownFileType = sourcecode.swift; path = HabitHistoryEntry.swift; sourceTree = "<group>"; };
		FC4923032B65C79B001DADFA /* GeofenceRegion.swift */ = {isa = PBXFileReference; lastKnownFileType = sourcecode.swift; path = GeofenceRegion.swift; sourceTree = "<group>"; };
		FC4923082B65C842001DADFA /* AddHabitView.swift */ = {isa = PBXFileReference; lastKnownFileType = sourcecode.swift; path = AddHabitView.swift; sourceTree = "<group>"; };
		FC49230A2B65D03A001DADFA /* IconButtonView.swift */ = {isa = PBXFileReference; lastKnownFileType = sourcecode.swift; path = IconButtonView.swift; sourceTree = "<group>"; };
		FC49230C2B65D68B001DADFA /* Theme.swift */ = {isa = PBXFileReference; lastKnownFileType = sourcecode.swift; path = Theme.swift; sourceTree = "<group>"; };
		FC49230E2B662819001DADFA /* AnalyticsView.swift */ = {isa = PBXFileReference; lastKnownFileType = sourcecode.swift; path = AnalyticsView.swift; sourceTree = "<group>"; };
		FC4923102B66285E001DADFA /* HomeView.swift */ = {isa = PBXFileReference; lastKnownFileType = sourcecode.swift; path = HomeView.swift; sourceTree = "<group>"; };
		FC4923132B662DDE001DADFA /* HabitViewModel.swift */ = {isa = PBXFileReference; lastKnownFileType = sourcecode.swift; path = HabitViewModel.swift; sourceTree = "<group>"; };
		FC4923172B662F17001DADFA /* HabitListItemView.swift */ = {isa = PBXFileReference; lastKnownFileType = sourcecode.swift; path = HabitListItemView.swift; sourceTree = "<group>"; };
		FC4923192B6633B9001DADFA /* CountHabit.swift */ = {isa = PBXFileReference; lastKnownFileType = sourcecode.swift; path = CountHabit.swift; sourceTree = "<group>"; };
		FC4923212B6658EE001DADFA /* DataAccess.swift */ = {isa = PBXFileReference; lastKnownFileType = sourcecode.swift; path = DataAccess.swift; sourceTree = "<group>"; };
		FC4923232B665910001DADFA /* MapKitDataAccess.swift */ = {isa = PBXFileReference; lastKnownFileType = sourcecode.swift; path = MapKitDataAccess.swift; sourceTree = "<group>"; };
		FC4923252B665925001DADFA /* SearchLocationService.swift */ = {isa = PBXFileReference; lastKnownFileType = sourcecode.swift; path = SearchLocationService.swift; sourceTree = "<group>"; };
		FC4923272B665935001DADFA /* SearchLocationServiceFactory.swift */ = {isa = PBXFileReference; lastKnownFileType = sourcecode.swift; path = SearchLocationServiceFactory.swift; sourceTree = "<group>"; };
		FC4923292B66594B001DADFA /* SearchSheet.swift */ = {isa = PBXFileReference; lastKnownFileType = sourcecode.swift; path = SearchSheet.swift; sourceTree = "<group>"; };
		FC49232B2B66597C001DADFA /* SearchableMap.swift */ = {isa = PBXFileReference; lastKnownFileType = sourcecode.swift; path = SearchableMap.swift; sourceTree = "<group>"; };
		FC49232D2B66598B001DADFA /* SearchableMapViewModel.swift */ = {isa = PBXFileReference; lastKnownFileType = sourcecode.swift; path = SearchableMapViewModel.swift; sourceTree = "<group>"; };
/* End PBXFileReference section */

/* Begin PBXFrameworksBuildPhase section */
		FC4922E22B65C350001DADFA /* Frameworks */ = {
			isa = PBXFrameworksBuildPhase;
			buildActionMask = 2147483647;
			files = (
			);
			runOnlyForDeploymentPostprocessing = 0;
		};
/* End PBXFrameworksBuildPhase section */

/* Begin PBXGroup section */
		FC4922DC2B65C350001DADFA = {
			isa = PBXGroup;
			children = (
				FC4922E72B65C350001DADFA /* Habit */,
				FC4922E62B65C350001DADFA /* Products */,
			);
			sourceTree = "<group>";
		};
		FC4922E62B65C350001DADFA /* Products */ = {
			isa = PBXGroup;
			children = (
				FC4922E52B65C350001DADFA /* Habit.app */,
			);
			name = Products;
			sourceTree = "<group>";
		};
		FC4922E72B65C350001DADFA /* Habit */ = {
			isa = PBXGroup;
			children = (
				FC4922FB2B65C4F2001DADFA /* Models */,
				FC4923122B662DC0001DADFA /* ViewModels */,
				FC4923052B65C7E7001DADFA /* Views */,
				FC4922F62B65C39D001DADFA /* Info.plist */,
				FC4922EA2B65C350001DADFA /* ContentView.swift */,
				FC4922F72B65C3B1001DADFA /* AppDelegate.swift */,
				FC4922F92B65C3B8001DADFA /* SceneDelegate.swift */,
				FC4023272B667AEA00E7973F /* PreviewUtilities.swift */,
				FC49230C2B65D68B001DADFA /* Theme.swift */,
				FC4922EC2B65C352001DADFA /* Assets.xcassets */,
				FC4922EE2B65C352001DADFA /* Preview Content */,
			);
			path = Habit;
			sourceTree = "<group>";
		};
		FC4922EE2B65C352001DADFA /* Preview Content */ = {
			isa = PBXGroup;
			children = (
				FC4922EF2B65C352001DADFA /* Preview Assets.xcassets */,
			);
			path = "Preview Content";
			sourceTree = "<group>";
		};
		FC4922FB2B65C4F2001DADFA /* Models */ = {
			isa = PBXGroup;
			children = (
				FC4923202B6658AD001DADFA /* SearchLocationService */,
				FC49231B2B6637A4001DADFA /* Util */,
				FC4923022B65C658001DADFA /* CustomHabits */,
				FC4922FC2B65C52D001DADFA /* Habit.swift */,
				FC4923002B65C645001DADFA /* HabitHistoryEntry.swift */,
			);
			path = Models;
			sourceTree = "<group>";
		};
		FC4923022B65C658001DADFA /* CustomHabits */ = {
			isa = PBXGroup;
			children = (
				FC4922FE2B65C538001DADFA /* GeofencedHabit.swift */,
				FC4923192B6633B9001DADFA /* CountHabit.swift */,
			);
			path = CustomHabits;
			sourceTree = "<group>";
		};
		FC4923052B65C7E7001DADFA /* Views */ = {
			isa = PBXGroup;
			children = (
				FC4923152B662EED001DADFA /* Components */,
				FC4923162B662EFF001DADFA /* Screens */,
			);
			path = Views;
			sourceTree = "<group>";
		};
		FC4923122B662DC0001DADFA /* ViewModels */ = {
			isa = PBXGroup;
			children = (
				FC49232D2B66598B001DADFA /* SearchableMapViewModel.swift */,
				FC4923132B662DDE001DADFA /* HabitViewModel.swift */,
			);
			path = ViewModels;
			sourceTree = "<group>";
		};
		FC4923152B662EED001DADFA /* Components */ = {
			isa = PBXGroup;
			children = (
				FC49230A2B65D03A001DADFA /* IconButtonView.swift */,
				FC40232B2B668AF800E7973F /* HabitSettingsView.swift */,
				FC4923172B662F17001DADFA /* HabitListItemView.swift */,
				FC4923292B66594B001DADFA /* SearchSheet.swift */,
				FC49232B2B66597C001DADFA /* SearchableMap.swift */,
			);
			path = Components;
			sourceTree = "<group>";
		};
		FC4923162B662EFF001DADFA /* Screens */ = {
			isa = PBXGroup;
			children = (
				FC4923082B65C842001DADFA /* AddHabitView.swift */,
				FC49230E2B662819001DADFA /* AnalyticsView.swift */,
				FC4923102B66285E001DADFA /* HomeView.swift */,
			);
			path = Screens;
			sourceTree = "<group>";
		};
		FC49231B2B6637A4001DADFA /* Util */ = {
			isa = PBXGroup;
			children = (
				FC4923032B65C79B001DADFA /* GeofenceRegion.swift */,
			);
			path = Util;
			sourceTree = "<group>";
		};
		FC4923202B6658AD001DADFA /* SearchLocationService */ = {
			isa = PBXGroup;
			children = (
				FC4923212B6658EE001DADFA /* DataAccess.swift */,
				FC4923232B665910001DADFA /* MapKitDataAccess.swift */,
				FC4923252B665925001DADFA /* SearchLocationService.swift */,
				FC4923272B665935001DADFA /* SearchLocationServiceFactory.swift */,
			);
			path = SearchLocationService;
			sourceTree = "<group>";
		};
/* End PBXGroup section */

/* Begin PBXNativeTarget section */
		FC4922E42B65C350001DADFA /* Habit */ = {
			isa = PBXNativeTarget;
			buildConfigurationList = FC4922F32B65C352001DADFA /* Build configuration list for PBXNativeTarget "Habit" */;
			buildPhases = (
				FC4922E12B65C350001DADFA /* Sources */,
				FC4922E22B65C350001DADFA /* Frameworks */,
				FC4922E32B65C350001DADFA /* Resources */,
			);
			buildRules = (
			);
			dependencies = (
			);
			name = Habit;
			productName = Habit;
			productReference = FC4922E52B65C350001DADFA /* Habit.app */;
			productType = "com.apple.product-type.application";
		};
/* End PBXNativeTarget section */

/* Begin PBXProject section */
		FC4922DD2B65C350001DADFA /* Project object */ = {
			isa = PBXProject;
			attributes = {
				BuildIndependentTargetsInParallel = 1;
				LastSwiftUpdateCheck = 1520;
				LastUpgradeCheck = 1520;
				TargetAttributes = {
					FC4922E42B65C350001DADFA = {
						CreatedOnToolsVersion = 15.2;
					};
				};
			};
			buildConfigurationList = FC4922E02B65C350001DADFA /* Build configuration list for PBXProject "Habit" */;
			compatibilityVersion = "Xcode 14.0";
			developmentRegion = en;
			hasScannedForEncodings = 0;
			knownRegions = (
				en,
				Base,
			);
			mainGroup = FC4922DC2B65C350001DADFA;
			productRefGroup = FC4922E62B65C350001DADFA /* Products */;
			projectDirPath = "";
			projectRoot = "";
			targets = (
				FC4922E42B65C350001DADFA /* Habit */,
			);
		};
/* End PBXProject section */

/* Begin PBXResourcesBuildPhase section */
		FC4922E32B65C350001DADFA /* Resources */ = {
			isa = PBXResourcesBuildPhase;
			buildActionMask = 2147483647;
			files = (
				FC4922F02B65C352001DADFA /* Preview Assets.xcassets in Resources */,
				FC4922ED2B65C352001DADFA /* Assets.xcassets in Resources */,
			);
			runOnlyForDeploymentPostprocessing = 0;
		};
/* End PBXResourcesBuildPhase section */

/* Begin PBXSourcesBuildPhase section */
		FC4922E12B65C350001DADFA /* Sources */ = {
			isa = PBXSourcesBuildPhase;
			buildActionMask = 2147483647;
			files = (
				FC4923262B665925001DADFA /* SearchLocationService.swift in Sources */,
				FC4922FF2B65C538001DADFA /* GeofencedHabit.swift in Sources */,
				FC40232C2B668AF800E7973F /* HabitSettingsView.swift in Sources */,
				FC4923092B65C842001DADFA /* AddHabitView.swift in Sources */,
				FC49230F2B662819001DADFA /* AnalyticsView.swift in Sources */,
				FC4922F82B65C3B1001DADFA /* AppDelegate.swift in Sources */,
				FC4923282B665935001DADFA /* SearchLocationServiceFactory.swift in Sources */,
				FC4923182B662F17001DADFA /* HabitListItemView.swift in Sources */,
				FC4922EB2B65C350001DADFA /* ContentView.swift in Sources */,
				FC4922FD2B65C52D001DADFA /* Habit.swift in Sources */,
				FC4923222B6658EE001DADFA /* DataAccess.swift in Sources */,
				FC4923242B665910001DADFA /* MapKitDataAccess.swift in Sources */,
				FC49232A2B66594B001DADFA /* SearchSheet.swift in Sources */,
				FC49230B2B65D03A001DADFA /* IconButtonView.swift in Sources */,
				FC49232C2B66597C001DADFA /* SearchableMap.swift in Sources */,
				FC4923012B65C645001DADFA /* HabitHistoryEntry.swift in Sources */,
				FC4023282B667AEA00E7973F /* PreviewUtilities.swift in Sources */,
				FC49230D2B65D68B001DADFA /* Theme.swift in Sources */,
				FC49231A2B6633BA001DADFA /* CountHabit.swift in Sources */,
				FC4923112B66285E001DADFA /* HomeView.swift in Sources */,
				FC4922FA2B65C3B8001DADFA /* SceneDelegate.swift in Sources */,
				FC49232E2B66598B001DADFA /* SearchableMapViewModel.swift in Sources */,
				FC4923042B65C79B001DADFA /* GeofenceRegion.swift in Sources */,
				FC4923142B662DDE001DADFA /* HabitViewModel.swift in Sources */,
			);
			runOnlyForDeploymentPostprocessing = 0;
		};
/* End PBXSourcesBuildPhase section */

/* Begin XCBuildConfiguration section */
		FC4922F12B65C352001DADFA /* Debug */ = {
			isa = XCBuildConfiguration;
			buildSettings = {
				ALWAYS_SEARCH_USER_PATHS = NO;
				ASSETCATALOG_COMPILER_GENERATE_SWIFT_ASSET_SYMBOL_EXTENSIONS = YES;
				CLANG_ANALYZER_NONNULL = YES;
				CLANG_ANALYZER_NUMBER_OBJECT_CONVERSION = YES_AGGRESSIVE;
				CLANG_CXX_LANGUAGE_STANDARD = "gnu++20";
				CLANG_ENABLE_MODULES = YES;
				CLANG_ENABLE_OBJC_ARC = YES;
				CLANG_ENABLE_OBJC_WEAK = YES;
				CLANG_WARN_BLOCK_CAPTURE_AUTORELEASING = YES;
				CLANG_WARN_BOOL_CONVERSION = YES;
				CLANG_WARN_COMMA = YES;
				CLANG_WARN_CONSTANT_CONVERSION = YES;
				CLANG_WARN_DEPRECATED_OBJC_IMPLEMENTATIONS = YES;
				CLANG_WARN_DIRECT_OBJC_ISA_USAGE = YES_ERROR;
				CLANG_WARN_DOCUMENTATION_COMMENTS = YES;
				CLANG_WARN_EMPTY_BODY = YES;
				CLANG_WARN_ENUM_CONVERSION = YES;
				CLANG_WARN_INFINITE_RECURSION = YES;
				CLANG_WARN_INT_CONVERSION = YES;
				CLANG_WARN_NON_LITERAL_NULL_CONVERSION = YES;
				CLANG_WARN_OBJC_IMPLICIT_RETAIN_SELF = YES;
				CLANG_WARN_OBJC_LITERAL_CONVERSION = YES;
				CLANG_WARN_OBJC_ROOT_CLASS = YES_ERROR;
				CLANG_WARN_QUOTED_INCLUDE_IN_FRAMEWORK_HEADER = YES;
				CLANG_WARN_RANGE_LOOP_ANALYSIS = YES;
				CLANG_WARN_STRICT_PROTOTYPES = YES;
				CLANG_WARN_SUSPICIOUS_MOVE = YES;
				CLANG_WARN_UNGUARDED_AVAILABILITY = YES_AGGRESSIVE;
				CLANG_WARN_UNREACHABLE_CODE = YES;
				CLANG_WARN__DUPLICATE_METHOD_MATCH = YES;
				COPY_PHASE_STRIP = NO;
				DEBUG_INFORMATION_FORMAT = dwarf;
				ENABLE_STRICT_OBJC_MSGSEND = YES;
				ENABLE_TESTABILITY = YES;
				ENABLE_USER_SCRIPT_SANDBOXING = YES;
				GCC_C_LANGUAGE_STANDARD = gnu17;
				GCC_DYNAMIC_NO_PIC = NO;
				GCC_NO_COMMON_BLOCKS = YES;
				GCC_OPTIMIZATION_LEVEL = 0;
				GCC_PREPROCESSOR_DEFINITIONS = (
					"DEBUG=1",
					"$(inherited)",
				);
				GCC_WARN_64_TO_32_BIT_CONVERSION = YES;
				GCC_WARN_ABOUT_RETURN_TYPE = YES_ERROR;
				GCC_WARN_UNDECLARED_SELECTOR = YES;
				GCC_WARN_UNINITIALIZED_AUTOS = YES_AGGRESSIVE;
				GCC_WARN_UNUSED_FUNCTION = YES;
				GCC_WARN_UNUSED_VARIABLE = YES;
				IPHONEOS_DEPLOYMENT_TARGET = 17.2;
				LOCALIZATION_PREFERS_STRING_CATALOGS = YES;
				MTL_ENABLE_DEBUG_INFO = INCLUDE_SOURCE;
				MTL_FAST_MATH = YES;
				ONLY_ACTIVE_ARCH = YES;
				SDKROOT = iphoneos;
				SWIFT_ACTIVE_COMPILATION_CONDITIONS = "DEBUG $(inherited)";
				SWIFT_OPTIMIZATION_LEVEL = "-Onone";
			};
			name = Debug;
		};
		FC4922F22B65C352001DADFA /* Release */ = {
			isa = XCBuildConfiguration;
			buildSettings = {
				ALWAYS_SEARCH_USER_PATHS = NO;
				ASSETCATALOG_COMPILER_GENERATE_SWIFT_ASSET_SYMBOL_EXTENSIONS = YES;
				CLANG_ANALYZER_NONNULL = YES;
				CLANG_ANALYZER_NUMBER_OBJECT_CONVERSION = YES_AGGRESSIVE;
				CLANG_CXX_LANGUAGE_STANDARD = "gnu++20";
				CLANG_ENABLE_MODULES = YES;
				CLANG_ENABLE_OBJC_ARC = YES;
				CLANG_ENABLE_OBJC_WEAK = YES;
				CLANG_WARN_BLOCK_CAPTURE_AUTORELEASING = YES;
				CLANG_WARN_BOOL_CONVERSION = YES;
				CLANG_WARN_COMMA = YES;
				CLANG_WARN_CONSTANT_CONVERSION = YES;
				CLANG_WARN_DEPRECATED_OBJC_IMPLEMENTATIONS = YES;
				CLANG_WARN_DIRECT_OBJC_ISA_USAGE = YES_ERROR;
				CLANG_WARN_DOCUMENTATION_COMMENTS = YES;
				CLANG_WARN_EMPTY_BODY = YES;
				CLANG_WARN_ENUM_CONVERSION = YES;
				CLANG_WARN_INFINITE_RECURSION = YES;
				CLANG_WARN_INT_CONVERSION = YES;
				CLANG_WARN_NON_LITERAL_NULL_CONVERSION = YES;
				CLANG_WARN_OBJC_IMPLICIT_RETAIN_SELF = YES;
				CLANG_WARN_OBJC_LITERAL_CONVERSION = YES;
				CLANG_WARN_OBJC_ROOT_CLASS = YES_ERROR;
				CLANG_WARN_QUOTED_INCLUDE_IN_FRAMEWORK_HEADER = YES;
				CLANG_WARN_RANGE_LOOP_ANALYSIS = YES;
				CLANG_WARN_STRICT_PROTOTYPES = YES;
				CLANG_WARN_SUSPICIOUS_MOVE = YES;
				CLANG_WARN_UNGUARDED_AVAILABILITY = YES_AGGRESSIVE;
				CLANG_WARN_UNREACHABLE_CODE = YES;
				CLANG_WARN__DUPLICATE_METHOD_MATCH = YES;
				COPY_PHASE_STRIP = NO;
				DEBUG_INFORMATION_FORMAT = "dwarf-with-dsym";
				ENABLE_NS_ASSERTIONS = NO;
				ENABLE_STRICT_OBJC_MSGSEND = YES;
				ENABLE_USER_SCRIPT_SANDBOXING = YES;
				GCC_C_LANGUAGE_STANDARD = gnu17;
				GCC_NO_COMMON_BLOCKS = YES;
				GCC_WARN_64_TO_32_BIT_CONVERSION = YES;
				GCC_WARN_ABOUT_RETURN_TYPE = YES_ERROR;
				GCC_WARN_UNDECLARED_SELECTOR = YES;
				GCC_WARN_UNINITIALIZED_AUTOS = YES_AGGRESSIVE;
				GCC_WARN_UNUSED_FUNCTION = YES;
				GCC_WARN_UNUSED_VARIABLE = YES;
				IPHONEOS_DEPLOYMENT_TARGET = 17.2;
				LOCALIZATION_PREFERS_STRING_CATALOGS = YES;
				MTL_ENABLE_DEBUG_INFO = NO;
				MTL_FAST_MATH = YES;
				SDKROOT = iphoneos;
				SWIFT_COMPILATION_MODE = wholemodule;
				VALIDATE_PRODUCT = YES;
			};
			name = Release;
		};
		FC4922F42B65C352001DADFA /* Debug */ = {
			isa = XCBuildConfiguration;
			buildSettings = {
				ASSETCATALOG_COMPILER_APPICON_NAME = AppIcon;
				ASSETCATALOG_COMPILER_GLOBAL_ACCENT_COLOR_NAME = AccentColor;
				CODE_SIGN_STYLE = Automatic;
				CURRENT_PROJECT_VERSION = 1;
				DEVELOPMENT_ASSET_PATHS = "\"Habit/Preview Content\"";
				DEVELOPMENT_TEAM = P8W47WSLD9;
				ENABLE_PREVIEWS = YES;
				GENERATE_INFOPLIST_FILE = YES;
				INFOPLIST_FILE = Habit/Info.plist;
				INFOPLIST_KEY_UIApplicationSceneManifest_Generation = YES;
				INFOPLIST_KEY_UIApplicationSupportsIndirectInputEvents = YES;
				INFOPLIST_KEY_UILaunchScreen_Generation = YES;
				INFOPLIST_KEY_UISupportedInterfaceOrientations_iPad = "UIInterfaceOrientationPortrait UIInterfaceOrientationPortraitUpsideDown UIInterfaceOrientationLandscapeLeft UIInterfaceOrientationLandscapeRight";
				INFOPLIST_KEY_UISupportedInterfaceOrientations_iPhone = "UIInterfaceOrientationPortrait UIInterfaceOrientationLandscapeLeft UIInterfaceOrientationLandscapeRight";
				LD_RUNPATH_SEARCH_PATHS = (
					"$(inherited)",
					"@executable_path/Frameworks",
				);
				MARKETING_VERSION = 1.0;
				PRODUCT_BUNDLE_IDENTIFIER = luckyatmos.Habit;
				PRODUCT_NAME = "$(TARGET_NAME)";
				SWIFT_EMIT_LOC_STRINGS = YES;
				SWIFT_VERSION = 5.0;
				TARGETED_DEVICE_FAMILY = "1,2";
			};
			name = Debug;
		};
		FC4922F52B65C352001DADFA /* Release */ = {
			isa = XCBuildConfiguration;
			buildSettings = {
				ASSETCATALOG_COMPILER_APPICON_NAME = AppIcon;
				ASSETCATALOG_COMPILER_GLOBAL_ACCENT_COLOR_NAME = AccentColor;
				CODE_SIGN_STYLE = Automatic;
				CURRENT_PROJECT_VERSION = 1;
				DEVELOPMENT_ASSET_PATHS = "\"Habit/Preview Content\"";
				DEVELOPMENT_TEAM = P8W47WSLD9;
				ENABLE_PREVIEWS = YES;
				GENERATE_INFOPLIST_FILE = YES;
				INFOPLIST_FILE = Habit/Info.plist;
				INFOPLIST_KEY_UIApplicationSceneManifest_Generation = YES;
				INFOPLIST_KEY_UIApplicationSupportsIndirectInputEvents = YES;
				INFOPLIST_KEY_UILaunchScreen_Generation = YES;
				INFOPLIST_KEY_UISupportedInterfaceOrientations_iPad = "UIInterfaceOrientationPortrait UIInterfaceOrientationPortraitUpsideDown UIInterfaceOrientationLandscapeLeft UIInterfaceOrientationLandscapeRight";
				INFOPLIST_KEY_UISupportedInterfaceOrientations_iPhone = "UIInterfaceOrientationPortrait UIInterfaceOrientationLandscapeLeft UIInterfaceOrientationLandscapeRight";
				LD_RUNPATH_SEARCH_PATHS = (
					"$(inherited)",
					"@executable_path/Frameworks",
				);
				MARKETING_VERSION = 1.0;
				PRODUCT_BUNDLE_IDENTIFIER = luckyatmos.Habit;
				PRODUCT_NAME = "$(TARGET_NAME)";
				SWIFT_EMIT_LOC_STRINGS = YES;
				SWIFT_VERSION = 5.0;
				TARGETED_DEVICE_FAMILY = "1,2";
			};
			name = Release;
		};
/* End XCBuildConfiguration section */

/* Begin XCConfigurationList section */
		FC4922E02B65C350001DADFA /* Build configuration list for PBXProject "Habit" */ = {
			isa = XCConfigurationList;
			buildConfigurations = (
				FC4922F12B65C352001DADFA /* Debug */,
				FC4922F22B65C352001DADFA /* Release */,
			);
			defaultConfigurationIsVisible = 0;
			defaultConfigurationName = Release;
		};
		FC4922F32B65C352001DADFA /* Build configuration list for PBXNativeTarget "Habit" */ = {
			isa = XCConfigurationList;
			buildConfigurations = (
				FC4922F42B65C352001DADFA /* Debug */,
				FC4922F52B65C352001DADFA /* Release */,
			);
			defaultConfigurationIsVisible = 0;
			defaultConfigurationName = Release;
		};
/* End XCConfigurationList section */
	};
	rootObject = FC4922DD2B65C350001DADFA /* Project object */;
}
